// !$*UTF8*$!
{
	archiveVersion = 1;
	classes = {
	};
	objectVersion = 56;
	objects = {

/* Begin PBXBuildFile section */
		224224902CAE24B500A1B3AC /* ForgotPasswordView.swift in Sources */ = {isa = PBXBuildFile; fileRef = 2242248F2CAE24B400A1B3AC /* ForgotPasswordView.swift */; };
		224305D12CAB8A370062FC51 /* SeneParkingApp.swift in Sources */ = {isa = PBXBuildFile; fileRef = 224305D02CAB8A370062FC51 /* SeneParkingApp.swift */; };
		224305D52CAB8A390062FC51 /* Assets.xcassets in Resources */ = {isa = PBXBuildFile; fileRef = 224305D42CAB8A390062FC51 /* Assets.xcassets */; };
		224305E22CAB8A3A0062FC51 /* SeneParkingTests.swift in Sources */ = {isa = PBXBuildFile; fileRef = 224305E12CAB8A3A0062FC51 /* SeneParkingTests.swift */; };
		224305EC2CAB8A3A0062FC51 /* SeneParkingUITests.swift in Sources */ = {isa = PBXBuildFile; fileRef = 224305EB2CAB8A3A0062FC51 /* SeneParkingUITests.swift */; };
		224305EE2CAB8A3A0062FC51 /* SeneParkingUITestsLaunchTests.swift in Sources */ = {isa = PBXBuildFile; fileRef = 224305ED2CAB8A3A0062FC51 /* SeneParkingUITestsLaunchTests.swift */; };
		22BD6E3F2CD8381200EC254A /* ParkingLotRegistration.swift in Sources */ = {isa = PBXBuildFile; fileRef = 22BD6E3E2CD8381200EC254A /* ParkingLotRegistration.swift */; };
		22C468D12CAD9FC900539A79 /* SignUp.swift in Sources */ = {isa = PBXBuildFile; fileRef = 22C468D02CAD9FC900539A79 /* SignUp.swift */; };
		D43498772CC227B500E807ED /* SignIn.swift in Sources */ = {isa = PBXBuildFile; fileRef = D43498762CC227B200E807ED /* SignIn.swift */; };
		D441141E2CC210B900A5C702 /* LicensePlateRecognitionView.swift in Sources */ = {isa = PBXBuildFile; fileRef = D441141D2CC210A400A5C702 /* LicensePlateRecognitionView.swift */; };
		D44B86F42CE7931400F1B12F /* NetworkMonitor.swift in Sources */ = {isa = PBXBuildFile; fileRef = D44B86F32CE7930C00F1B12F /* NetworkMonitor.swift */; };
		D44B86F62CE7935400F1B12F /* OfflineDataManager.swift in Sources */ = {isa = PBXBuildFile; fileRef = D44B86F52CE7935000F1B12F /* OfflineDataManager.swift */; };
		D44E7A212CADE53000A2A550 /* ParkingLotDetail.swift in Sources */ = {isa = PBXBuildFile; fileRef = D44E7A202CADE52B00A2A550 /* ParkingLotDetail.swift */; };
		D44E7A232CAE077000A2A550 /* MainMap.swift in Sources */ = {isa = PBXBuildFile; fileRef = D44E7A222CAE076D00A2A550 /* MainMap.swift */; };
		D48F21862CD08B4A009A4189 /* ParkingNotificationManager.swift in Sources */ = {isa = PBXBuildFile; fileRef = D48F21852CD08B46009A4189 /* ParkingNotificationManager.swift */; };
		D48F21892CD1E7A6009A4189 /* ParkingReservationManager.swift in Sources */ = {isa = PBXBuildFile; fileRef = D48F21882CD1E7A5009A4189 /* ParkingReservationManager.swift */; };
/* End PBXBuildFile section */

/* Begin PBXContainerItemProxy section */
		224305DE2CAB8A3A0062FC51 /* PBXContainerItemProxy */ = {
			isa = PBXContainerItemProxy;
			containerPortal = 224305C52CAB8A370062FC51 /* Project object */;
			proxyType = 1;
			remoteGlobalIDString = 224305CC2CAB8A370062FC51;
			remoteInfo = SeneParking;
		};
		224305E82CAB8A3A0062FC51 /* PBXContainerItemProxy */ = {
			isa = PBXContainerItemProxy;
			containerPortal = 224305C52CAB8A370062FC51 /* Project object */;
			proxyType = 1;
			remoteGlobalIDString = 224305CC2CAB8A370062FC51;
			remoteInfo = SeneParking;
		};
/* End PBXContainerItemProxy section */

/* Begin PBXFileReference section */
		2242248F2CAE24B400A1B3AC /* ForgotPasswordView.swift */ = {isa = PBXFileReference; lastKnownFileType = sourcecode.swift; path = ForgotPasswordView.swift; sourceTree = "<group>"; };
		224305CD2CAB8A370062FC51 /* SeneParking.app */ = {isa = PBXFileReference; explicitFileType = wrapper.application; includeInIndex = 0; path = SeneParking.app; sourceTree = BUILT_PRODUCTS_DIR; };
		224305D02CAB8A370062FC51 /* SeneParkingApp.swift */ = {isa = PBXFileReference; lastKnownFileType = sourcecode.swift; path = SeneParkingApp.swift; sourceTree = "<group>"; };
		224305D42CAB8A390062FC51 /* Assets.xcassets */ = {isa = PBXFileReference; lastKnownFileType = folder.assetcatalog; path = Assets.xcassets; sourceTree = "<group>"; };
		224305DD2CAB8A3A0062FC51 /* SeneParkingTests.xctest */ = {isa = PBXFileReference; explicitFileType = wrapper.cfbundle; includeInIndex = 0; path = SeneParkingTests.xctest; sourceTree = BUILT_PRODUCTS_DIR; };
		224305E12CAB8A3A0062FC51 /* SeneParkingTests.swift */ = {isa = PBXFileReference; lastKnownFileType = sourcecode.swift; path = SeneParkingTests.swift; sourceTree = "<group>"; };
		224305E72CAB8A3A0062FC51 /* SeneParkingUITests.xctest */ = {isa = PBXFileReference; explicitFileType = wrapper.cfbundle; includeInIndex = 0; path = SeneParkingUITests.xctest; sourceTree = BUILT_PRODUCTS_DIR; };
		224305EB2CAB8A3A0062FC51 /* SeneParkingUITests.swift */ = {isa = PBXFileReference; lastKnownFileType = sourcecode.swift; path = SeneParkingUITests.swift; sourceTree = "<group>"; };
		224305ED2CAB8A3A0062FC51 /* SeneParkingUITestsLaunchTests.swift */ = {isa = PBXFileReference; lastKnownFileType = sourcecode.swift; path = SeneParkingUITestsLaunchTests.swift; sourceTree = "<group>"; };
		22BD6E3E2CD8381200EC254A /* ParkingLotRegistration.swift */ = {isa = PBXFileReference; lastKnownFileType = sourcecode.swift; path = ParkingLotRegistration.swift; sourceTree = "<group>"; };
		22C468D02CAD9FC900539A79 /* SignUp.swift */ = {isa = PBXFileReference; lastKnownFileType = sourcecode.swift; path = SignUp.swift; sourceTree = "<group>"; };
		D43498762CC227B200E807ED /* SignIn.swift */ = {isa = PBXFileReference; lastKnownFileType = sourcecode.swift; path = SignIn.swift; sourceTree = "<group>"; };
		D441141D2CC210A400A5C702 /* LicensePlateRecognitionView.swift */ = {isa = PBXFileReference; lastKnownFileType = sourcecode.swift; path = LicensePlateRecognitionView.swift; sourceTree = "<group>"; };
		D441141F2CC211BA00A5C702 /* Info.plist */ = {isa = PBXFileReference; lastKnownFileType = text.plist.xml; path = Info.plist; sourceTree = "<group>"; };
		D44B86F32CE7930C00F1B12F /* NetworkMonitor.swift */ = {isa = PBXFileReference; lastKnownFileType = sourcecode.swift; path = NetworkMonitor.swift; sourceTree = "<group>"; };
		D44B86F52CE7935000F1B12F /* OfflineDataManager.swift */ = {isa = PBXFileReference; lastKnownFileType = sourcecode.swift; path = OfflineDataManager.swift; sourceTree = "<group>"; };
		D44E7A202CADE52B00A2A550 /* ParkingLotDetail.swift */ = {isa = PBXFileReference; lastKnownFileType = sourcecode.swift; path = ParkingLotDetail.swift; sourceTree = "<group>"; };
		D44E7A222CAE076D00A2A550 /* MainMap.swift */ = {isa = PBXFileReference; lastKnownFileType = sourcecode.swift; path = MainMap.swift; sourceTree = "<group>"; };
		D48F21852CD08B46009A4189 /* ParkingNotificationManager.swift */ = {isa = PBXFileReference; lastKnownFileType = sourcecode.swift; path = ParkingNotificationManager.swift; sourceTree = "<group>"; };
		D48F21882CD1E7A5009A4189 /* ParkingReservationManager.swift */ = {isa = PBXFileReference; lastKnownFileType = sourcecode.swift; path = ParkingReservationManager.swift; sourceTree = "<group>"; };
/* End PBXFileReference section */

/* Begin PBXFrameworksBuildPhase section */
		224305CA2CAB8A370062FC51 /* Frameworks */ = {
			isa = PBXFrameworksBuildPhase;
			buildActionMask = 2147483647;
			files = (
			);
			runOnlyForDeploymentPostprocessing = 0;
		};
		224305DA2CAB8A3A0062FC51 /* Frameworks */ = {
			isa = PBXFrameworksBuildPhase;
			buildActionMask = 2147483647;
			files = (
			);
			runOnlyForDeploymentPostprocessing = 0;
		};
		224305E42CAB8A3A0062FC51 /* Frameworks */ = {
			isa = PBXFrameworksBuildPhase;
			buildActionMask = 2147483647;
			files = (
			);
			runOnlyForDeploymentPostprocessing = 0;
		};
/* End PBXFrameworksBuildPhase section */

/* Begin PBXGroup section */
		224305C42CAB8A370062FC51 = {
			isa = PBXGroup;
			children = (
				224305CF2CAB8A370062FC51 /* SeneParking */,
				224305E02CAB8A3A0062FC51 /* SeneParkingTests */,
				224305EA2CAB8A3A0062FC51 /* SeneParkingUITests */,
				224305CE2CAB8A370062FC51 /* Products */,
			);
			sourceTree = "<group>";
		};
		224305CE2CAB8A370062FC51 /* Products */ = {
			isa = PBXGroup;
			children = (
				224305CD2CAB8A370062FC51 /* SeneParking.app */,
				224305DD2CAB8A3A0062FC51 /* SeneParkingTests.xctest */,
				224305E72CAB8A3A0062FC51 /* SeneParkingUITests.xctest */,
			);
			name = Products;
			sourceTree = "<group>";
		};
		224305CF2CAB8A370062FC51 /* SeneParking */ = {
			isa = PBXGroup;
			children = (
				D441141F2CC211BA00A5C702 /* Info.plist */,
				224305D02CAB8A370062FC51 /* SeneParkingApp.swift */,
				D44B86F52CE7935000F1B12F /* OfflineDataManager.swift */,
				D44B86F32CE7930C00F1B12F /* NetworkMonitor.swift */,
				D43498762CC227B200E807ED /* SignIn.swift */,
				22C468D02CAD9FC900539A79 /* SignUp.swift */,
				2242248F2CAE24B400A1B3AC /* ForgotPasswordView.swift */,
				D44E7A222CAE076D00A2A550 /* MainMap.swift */,
				D44E7A202CADE52B00A2A550 /* ParkingLotDetail.swift */,
				D48F21882CD1E7A5009A4189 /* ParkingReservationManager.swift */,
				D48F21852CD08B46009A4189 /* ParkingNotificationManager.swift */,
				D441141D2CC210A400A5C702 /* LicensePlateRecognitionView.swift */,
				22BD6E3E2CD8381200EC254A /* ParkingLotRegistration.swift */,
				224305D42CAB8A390062FC51 /* Assets.xcassets */,
			);
			path = SeneParking;
			sourceTree = "<group>";
		};
		224305E02CAB8A3A0062FC51 /* SeneParkingTests */ = {
			isa = PBXGroup;
			children = (
				224305E12CAB8A3A0062FC51 /* SeneParkingTests.swift */,
			);
			path = SeneParkingTests;
			sourceTree = "<group>";
		};
		224305EA2CAB8A3A0062FC51 /* SeneParkingUITests */ = {
			isa = PBXGroup;
			children = (
				224305EB2CAB8A3A0062FC51 /* SeneParkingUITests.swift */,
				224305ED2CAB8A3A0062FC51 /* SeneParkingUITestsLaunchTests.swift */,
			);
			path = SeneParkingUITests;
			sourceTree = "<group>";
		};
/* End PBXGroup section */

/* Begin PBXNativeTarget section */
		224305CC2CAB8A370062FC51 /* SeneParking */ = {
			isa = PBXNativeTarget;
			buildConfigurationList = 224305F12CAB8A3A0062FC51 /* Build configuration list for PBXNativeTarget "SeneParking" */;
			buildPhases = (
				224305C92CAB8A370062FC51 /* Sources */,
				224305CA2CAB8A370062FC51 /* Frameworks */,
				224305CB2CAB8A370062FC51 /* Resources */,
			);
			buildRules = (
			);
			dependencies = (
			);
			name = SeneParking;
			productName = SeneParking;
			productReference = 224305CD2CAB8A370062FC51 /* SeneParking.app */;
			productType = "com.apple.product-type.application";
		};
		224305DC2CAB8A3A0062FC51 /* SeneParkingTests */ = {
			isa = PBXNativeTarget;
			buildConfigurationList = 224305F42CAB8A3A0062FC51 /* Build configuration list for PBXNativeTarget "SeneParkingTests" */;
			buildPhases = (
				224305D92CAB8A3A0062FC51 /* Sources */,
				224305DA2CAB8A3A0062FC51 /* Frameworks */,
				224305DB2CAB8A3A0062FC51 /* Resources */,
			);
			buildRules = (
			);
			dependencies = (
				224305DF2CAB8A3A0062FC51 /* PBXTargetDependency */,
			);
			name = SeneParkingTests;
			productName = SeneParkingTests;
			productReference = 224305DD2CAB8A3A0062FC51 /* SeneParkingTests.xctest */;
			productType = "com.apple.product-type.bundle.unit-test";
		};
		224305E62CAB8A3A0062FC51 /* SeneParkingUITests */ = {
			isa = PBXNativeTarget;
			buildConfigurationList = 224305F72CAB8A3A0062FC51 /* Build configuration list for PBXNativeTarget "SeneParkingUITests" */;
			buildPhases = (
				224305E32CAB8A3A0062FC51 /* Sources */,
				224305E42CAB8A3A0062FC51 /* Frameworks */,
				224305E52CAB8A3A0062FC51 /* Resources */,
			);
			buildRules = (
			);
			dependencies = (
				224305E92CAB8A3A0062FC51 /* PBXTargetDependency */,
			);
			name = SeneParkingUITests;
			productName = SeneParkingUITests;
			productReference = 224305E72CAB8A3A0062FC51 /* SeneParkingUITests.xctest */;
			productType = "com.apple.product-type.bundle.ui-testing";
		};
/* End PBXNativeTarget section */

/* Begin PBXProject section */
		224305C52CAB8A370062FC51 /* Project object */ = {
			isa = PBXProject;
			attributes = {
				BuildIndependentTargetsInParallel = 1;
				LastSwiftUpdateCheck = 1420;
				LastUpgradeCheck = 1420;
				TargetAttributes = {
					224305CC2CAB8A370062FC51 = {
						CreatedOnToolsVersion = 14.2;
					};
					224305DC2CAB8A3A0062FC51 = {
						CreatedOnToolsVersion = 14.2;
						TestTargetID = 224305CC2CAB8A370062FC51;
					};
					224305E62CAB8A3A0062FC51 = {
						CreatedOnToolsVersion = 14.2;
						TestTargetID = 224305CC2CAB8A370062FC51;
					};
				};
			};
			buildConfigurationList = 224305C82CAB8A370062FC51 /* Build configuration list for PBXProject "SeneParking" */;
			compatibilityVersion = "Xcode 14.0";
			developmentRegion = en;
			hasScannedForEncodings = 0;
			knownRegions = (
				en,
				Base,
			);
			mainGroup = 224305C42CAB8A370062FC51;
			packageReferences = (
			);
			productRefGroup = 224305CE2CAB8A370062FC51 /* Products */;
			projectDirPath = "";
			projectRoot = "";
			targets = (
				224305CC2CAB8A370062FC51 /* SeneParking */,
				224305DC2CAB8A3A0062FC51 /* SeneParkingTests */,
				224305E62CAB8A3A0062FC51 /* SeneParkingUITests */,
			);
		};
/* End PBXProject section */

/* Begin PBXResourcesBuildPhase section */
		224305CB2CAB8A370062FC51 /* Resources */ = {
			isa = PBXResourcesBuildPhase;
			buildActionMask = 2147483647;
			files = (
				224305D52CAB8A390062FC51 /* Assets.xcassets in Resources */,
			);
			runOnlyForDeploymentPostprocessing = 0;
		};
		224305DB2CAB8A3A0062FC51 /* Resources */ = {
			isa = PBXResourcesBuildPhase;
			buildActionMask = 2147483647;
			files = (
			);
			runOnlyForDeploymentPostprocessing = 0;
		};
		224305E52CAB8A3A0062FC51 /* Resources */ = {
			isa = PBXResourcesBuildPhase;
			buildActionMask = 2147483647;
			files = (
			);
			runOnlyForDeploymentPostprocessing = 0;
		};
/* End PBXResourcesBuildPhase section */

/* Begin PBXSourcesBuildPhase section */
		224305C92CAB8A370062FC51 /* Sources */ = {
			isa = PBXSourcesBuildPhase;
			buildActionMask = 2147483647;
			files = (
				D44B86F42CE7931400F1B12F /* NetworkMonitor.swift in Sources */,
				224224902CAE24B500A1B3AC /* ForgotPasswordView.swift in Sources */,
				22BD6E3F2CD8381200EC254A /* ParkingLotRegistration.swift in Sources */,
				D44B86F62CE7935400F1B12F /* OfflineDataManager.swift in Sources */,
				D44E7A232CAE077000A2A550 /* MainMap.swift in Sources */,
				D48F21862CD08B4A009A4189 /* ParkingNotificationManager.swift in Sources */,
				22C468D12CAD9FC900539A79 /* SignUp.swift in Sources */,
				D441141E2CC210B900A5C702 /* LicensePlateRecognitionView.swift in Sources */,
				D43498772CC227B500E807ED /* SignIn.swift in Sources */,
				224305D12CAB8A370062FC51 /* SeneParkingApp.swift in Sources */,
				D44E7A212CADE53000A2A550 /* ParkingLotDetail.swift in Sources */,
				D48F21892CD1E7A6009A4189 /* ParkingReservationManager.swift in Sources */,
			);
			runOnlyForDeploymentPostprocessing = 0;
		};
		224305D92CAB8A3A0062FC51 /* Sources */ = {
			isa = PBXSourcesBuildPhase;
			buildActionMask = 2147483647;
			files = (
				224305E22CAB8A3A0062FC51 /* SeneParkingTests.swift in Sources */,
			);
			runOnlyForDeploymentPostprocessing = 0;
		};
		224305E32CAB8A3A0062FC51 /* Sources */ = {
			isa = PBXSourcesBuildPhase;
			buildActionMask = 2147483647;
			files = (
				224305EE2CAB8A3A0062FC51 /* SeneParkingUITestsLaunchTests.swift in Sources */,
				224305EC2CAB8A3A0062FC51 /* SeneParkingUITests.swift in Sources */,
			);
			runOnlyForDeploymentPostprocessing = 0;
		};
/* End PBXSourcesBuildPhase section */

/* Begin PBXTargetDependency section */
		224305DF2CAB8A3A0062FC51 /* PBXTargetDependency */ = {
			isa = PBXTargetDependency;
			target = 224305CC2CAB8A370062FC51 /* SeneParking */;
			targetProxy = 224305DE2CAB8A3A0062FC51 /* PBXContainerItemProxy */;
		};
		224305E92CAB8A3A0062FC51 /* PBXTargetDependency */ = {
			isa = PBXTargetDependency;
			target = 224305CC2CAB8A370062FC51 /* SeneParking */;
			targetProxy = 224305E82CAB8A3A0062FC51 /* PBXContainerItemProxy */;
		};
/* End PBXTargetDependency section */

/* Begin XCBuildConfiguration section */
		224305EF2CAB8A3A0062FC51 /* Debug */ = {
			isa = XCBuildConfiguration;
			buildSettings = {
				ALWAYS_SEARCH_USER_PATHS = NO;
				CLANG_ANALYZER_NONNULL = YES;
				CLANG_ANALYZER_NUMBER_OBJECT_CONVERSION = YES_AGGRESSIVE;
				CLANG_CXX_LANGUAGE_STANDARD = "gnu++20";
				CLANG_ENABLE_MODULES = YES;
				CLANG_ENABLE_OBJC_ARC = YES;
				CLANG_ENABLE_OBJC_WEAK = YES;
				CLANG_WARN_BLOCK_CAPTURE_AUTORELEASING = YES;
				CLANG_WARN_BOOL_CONVERSION = YES;
				CLANG_WARN_COMMA = YES;
				CLANG_WARN_CONSTANT_CONVERSION = YES;
				CLANG_WARN_DEPRECATED_OBJC_IMPLEMENTATIONS = YES;
				CLANG_WARN_DIRECT_OBJC_ISA_USAGE = YES_ERROR;
				CLANG_WARN_DOCUMENTATION_COMMENTS = YES;
				CLANG_WARN_EMPTY_BODY = YES;
				CLANG_WARN_ENUM_CONVERSION = YES;
				CLANG_WARN_INFINITE_RECURSION = YES;
				CLANG_WARN_INT_CONVERSION = YES;
				CLANG_WARN_NON_LITERAL_NULL_CONVERSION = YES;
				CLANG_WARN_OBJC_IMPLICIT_RETAIN_SELF = YES;
				CLANG_WARN_OBJC_LITERAL_CONVERSION = YES;
				CLANG_WARN_OBJC_ROOT_CLASS = YES_ERROR;
				CLANG_WARN_QUOTED_INCLUDE_IN_FRAMEWORK_HEADER = YES;
				CLANG_WARN_RANGE_LOOP_ANALYSIS = YES;
				CLANG_WARN_STRICT_PROTOTYPES = YES;
				CLANG_WARN_SUSPICIOUS_MOVE = YES;
				CLANG_WARN_UNGUARDED_AVAILABILITY = YES_AGGRESSIVE;
				CLANG_WARN_UNREACHABLE_CODE = YES;
				CLANG_WARN__DUPLICATE_METHOD_MATCH = YES;
				COPY_PHASE_STRIP = NO;
				DEBUG_INFORMATION_FORMAT = dwarf;
				ENABLE_STRICT_OBJC_MSGSEND = YES;
				ENABLE_TESTABILITY = YES;
				GCC_C_LANGUAGE_STANDARD = gnu11;
				GCC_DYNAMIC_NO_PIC = NO;
				GCC_NO_COMMON_BLOCKS = YES;
				GCC_OPTIMIZATION_LEVEL = 0;
				GCC_PREPROCESSOR_DEFINITIONS = (
					"DEBUG=1",
					"$(inherited)",
				);
				GCC_WARN_64_TO_32_BIT_CONVERSION = YES;
				GCC_WARN_ABOUT_RETURN_TYPE = YES_ERROR;
				GCC_WARN_UNDECLARED_SELECTOR = YES;
				GCC_WARN_UNINITIALIZED_AUTOS = YES_AGGRESSIVE;
				GCC_WARN_UNUSED_FUNCTION = YES;
				GCC_WARN_UNUSED_VARIABLE = YES;
				IPHONEOS_DEPLOYMENT_TARGET = 16.2;
				MTL_ENABLE_DEBUG_INFO = INCLUDE_SOURCE;
				MTL_FAST_MATH = YES;
				ONLY_ACTIVE_ARCH = YES;
				SDKROOT = iphoneos;
				SWIFT_ACTIVE_COMPILATION_CONDITIONS = DEBUG;
				SWIFT_OPTIMIZATION_LEVEL = "-Onone";
			};
			name = Debug;
		};
		224305F02CAB8A3A0062FC51 /* Release */ = {
			isa = XCBuildConfiguration;
			buildSettings = {
				ALWAYS_SEARCH_USER_PATHS = NO;
				CLANG_ANALYZER_NONNULL = YES;
				CLANG_ANALYZER_NUMBER_OBJECT_CONVERSION = YES_AGGRESSIVE;
				CLANG_CXX_LANGUAGE_STANDARD = "gnu++20";
				CLANG_ENABLE_MODULES = YES;
				CLANG_ENABLE_OBJC_ARC = YES;
				CLANG_ENABLE_OBJC_WEAK = YES;
				CLANG_WARN_BLOCK_CAPTURE_AUTORELEASING = YES;
				CLANG_WARN_BOOL_CONVERSION = YES;
				CLANG_WARN_COMMA = YES;
				CLANG_WARN_CONSTANT_CONVERSION = YES;
				CLANG_WARN_DEPRECATED_OBJC_IMPLEMENTATIONS = YES;
				CLANG_WARN_DIRECT_OBJC_ISA_USAGE = YES_ERROR;
				CLANG_WARN_DOCUMENTATION_COMMENTS = YES;
				CLANG_WARN_EMPTY_BODY = YES;
				CLANG_WARN_ENUM_CONVERSION = YES;
				CLANG_WARN_INFINITE_RECURSION = YES;
				CLANG_WARN_INT_CONVERSION = YES;
				CLANG_WARN_NON_LITERAL_NULL_CONVERSION = YES;
				CLANG_WARN_OBJC_IMPLICIT_RETAIN_SELF = YES;
				CLANG_WARN_OBJC_LITERAL_CONVERSION = YES;
				CLANG_WARN_OBJC_ROOT_CLASS = YES_ERROR;
				CLANG_WARN_QUOTED_INCLUDE_IN_FRAMEWORK_HEADER = YES;
				CLANG_WARN_RANGE_LOOP_ANALYSIS = YES;
				CLANG_WARN_STRICT_PROTOTYPES = YES;
				CLANG_WARN_SUSPICIOUS_MOVE = YES;
				CLANG_WARN_UNGUARDED_AVAILABILITY = YES_AGGRESSIVE;
				CLANG_WARN_UNREACHABLE_CODE = YES;
				CLANG_WARN__DUPLICATE_METHOD_MATCH = YES;
				COPY_PHASE_STRIP = NO;
				DEBUG_INFORMATION_FORMAT = "dwarf-with-dsym";
				ENABLE_NS_ASSERTIONS = NO;
				ENABLE_STRICT_OBJC_MSGSEND = YES;
				GCC_C_LANGUAGE_STANDARD = gnu11;
				GCC_NO_COMMON_BLOCKS = YES;
				GCC_WARN_64_TO_32_BIT_CONVERSION = YES;
				GCC_WARN_ABOUT_RETURN_TYPE = YES_ERROR;
				GCC_WARN_UNDECLARED_SELECTOR = YES;
				GCC_WARN_UNINITIALIZED_AUTOS = YES_AGGRESSIVE;
				GCC_WARN_UNUSED_FUNCTION = YES;
				GCC_WARN_UNUSED_VARIABLE = YES;
				IPHONEOS_DEPLOYMENT_TARGET = 16.2;
				MTL_ENABLE_DEBUG_INFO = NO;
				MTL_FAST_MATH = YES;
				SDKROOT = iphoneos;
				SWIFT_COMPILATION_MODE = wholemodule;
				SWIFT_OPTIMIZATION_LEVEL = "-O";
				VALIDATE_PRODUCT = YES;
			};
			name = Release;
		};
		224305F22CAB8A3A0062FC51 /* Debug */ = {
			isa = XCBuildConfiguration;
			buildSettings = {
				ASSETCATALOG_COMPILER_APPICON_NAME = AppIcon;
				ASSETCATALOG_COMPILER_GLOBAL_ACCENT_COLOR_NAME = AccentColor;
				CODE_SIGN_STYLE = Automatic;
				CURRENT_PROJECT_VERSION = 1;
				DEVELOPMENT_ASSET_PATHS = "\"SeneParking/Preview Content\"";
				DEVELOPMENT_TEAM = QVP8TBKXVF;
				ENABLE_PREVIEWS = YES;
				GENERATE_INFOPLIST_FILE = YES;
				INFOPLIST_FILE = SeneParking/Info.plist;
				INFOPLIST_KEY_LSApplicationCategoryType = "";
				INFOPLIST_KEY_NSCameraUsageDescription = "We need access to your camera for license plate recognition.";
				INFOPLIST_KEY_NSLocationWhenInUseUsageDescription = "We need your location to show you nearby parking spots.";
				INFOPLIST_KEY_UIApplicationSceneManifest_Generation = YES;
				INFOPLIST_KEY_UIApplicationSupportsIndirectInputEvents = YES;
				INFOPLIST_KEY_UILaunchScreen_Generation = YES;
				INFOPLIST_KEY_UISupportedInterfaceOrientations_iPad = "UIInterfaceOrientationPortrait UIInterfaceOrientationPortraitUpsideDown UIInterfaceOrientationLandscapeLeft UIInterfaceOrientationLandscapeRight";
				INFOPLIST_KEY_UISupportedInterfaceOrientations_iPhone = "UIInterfaceOrientationPortrait UIInterfaceOrientationLandscapeLeft UIInterfaceOrientationLandscapeRight";
				LD_RUNPATH_SEARCH_PATHS = (
					"$(inherited)",
					"@executable_path/Frameworks",
				);
				MARKETING_VERSION = 1.0;
				PRODUCT_BUNDLE_IDENTIFIER = Uniandes.SeneParking;
				PRODUCT_NAME = "$(TARGET_NAME)";
				SWIFT_EMIT_LOC_STRINGS = YES;
				SWIFT_VERSION = 5.0;
				TARGETED_DEVICE_FAMILY = "1,2";
			};
			name = Debug;
		};
		224305F32CAB8A3A0062FC51 /* Release */ = {
			isa = XCBuildConfiguration;
			buildSettings = {
				ASSETCATALOG_COMPILER_APPICON_NAME = AppIcon;
				ASSETCATALOG_COMPILER_GLOBAL_ACCENT_COLOR_NAME = AccentColor;
				CODE_SIGN_IDENTITY = "Apple Development";
				CODE_SIGN_STYLE = Automatic;
				CURRENT_PROJECT_VERSION = 1;
				DEVELOPMENT_ASSET_PATHS = "\"SeneParking/Preview Content\"";
				DEVELOPMENT_TEAM = QVP8TBKXVF;
				ENABLE_PREVIEWS = YES;
				GENERATE_INFOPLIST_FILE = YES;
				INFOPLIST_FILE = SeneParking/Info.plist;
				INFOPLIST_KEY_LSApplicationCategoryType = "";
				INFOPLIST_KEY_NSCameraUsageDescription = "We need access to your camera for license plate recognition.";
				INFOPLIST_KEY_NSLocationWhenInUseUsageDescription = "We need your location to show you nearby parking spots.";
				INFOPLIST_KEY_UIApplicationSceneManifest_Generation = YES;
				INFOPLIST_KEY_UIApplicationSupportsIndirectInputEvents = YES;
				INFOPLIST_KEY_UILaunchScreen_Generation = YES;
				INFOPLIST_KEY_UISupportedInterfaceOrientations_iPad = "UIInterfaceOrientationPortrait UIInterfaceOrientationPortraitUpsideDown UIInterfaceOrientationLandscapeLeft UIInterfaceOrientationLandscapeRight";
				INFOPLIST_KEY_UISupportedInterfaceOrientations_iPhone = "UIInterfaceOrientationPortrait UIInterfaceOrientationLandscapeLeft UIInterfaceOrientationLandscapeRight";
				LD_RUNPATH_SEARCH_PATHS = (
					"$(inherited)",
					"@executable_path/Frameworks",
				);
				MARKETING_VERSION = 1.0;
				PRODUCT_BUNDLE_IDENTIFIER = Uniandes.SeneParking;
				PRODUCT_NAME = "$(TARGET_NAME)";
				PROVISIONING_PROFILE_SPECIFIER = "";
				SWIFT_EMIT_LOC_STRINGS = YES;
				SWIFT_VERSION = 5.0;
				TARGETED_DEVICE_FAMILY = "1,2";
			};
			name = Release;
		};
		224305F52CAB8A3A0062FC51 /* Debug */ = {
			isa = XCBuildConfiguration;
			buildSettings = {
				ALWAYS_EMBED_SWIFT_STANDARD_LIBRARIES = YES;
				BUNDLE_LOADER = "$(TEST_HOST)";
				CODE_SIGN_STYLE = Automatic;
				CURRENT_PROJECT_VERSION = 1;
				GENERATE_INFOPLIST_FILE = YES;
				IPHONEOS_DEPLOYMENT_TARGET = 16.2;
				MARKETING_VERSION = 1.0;
				PRODUCT_BUNDLE_IDENTIFIER = Uniandes.SeneParkingTests;
				PRODUCT_NAME = "$(TARGET_NAME)";
				SWIFT_EMIT_LOC_STRINGS = NO;
				SWIFT_VERSION = 5.0;
				TARGETED_DEVICE_FAMILY = "1,2";
				TEST_HOST = "$(BUILT_PRODUCTS_DIR)/SeneParking.app/$(BUNDLE_EXECUTABLE_FOLDER_PATH)/SeneParking";
			};
			name = Debug;
		};
		224305F62CAB8A3A0062FC51 /* Release */ = {
			isa = XCBuildConfiguration;
			buildSettings = {
				ALWAYS_EMBED_SWIFT_STANDARD_LIBRARIES = YES;
				BUNDLE_LOADER = "$(TEST_HOST)";
				CODE_SIGN_STYLE = Automatic;
				CURRENT_PROJECT_VERSION = 1;
				GENERATE_INFOPLIST_FILE = YES;
				IPHONEOS_DEPLOYMENT_TARGET = 16.2;
				MARKETING_VERSION = 1.0;
				PRODUCT_BUNDLE_IDENTIFIER = Uniandes.SeneParkingTests;
				PRODUCT_NAME = "$(TARGET_NAME)";
				SWIFT_EMIT_LOC_STRINGS = NO;
				SWIFT_VERSION = 5.0;
				TARGETED_DEVICE_FAMILY = "1,2";
				TEST_HOST = "$(BUILT_PRODUCTS_DIR)/SeneParking.app/$(BUNDLE_EXECUTABLE_FOLDER_PATH)/SeneParking";
			};
			name = Release;
		};
		224305F82CAB8A3A0062FC51 /* Debug */ = {
			isa = XCBuildConfiguration;
			buildSettings = {
				ALWAYS_EMBED_SWIFT_STANDARD_LIBRARIES = YES;
				CODE_SIGN_STYLE = Automatic;
				CURRENT_PROJECT_VERSION = 1;
				GENERATE_INFOPLIST_FILE = YES;
				MARKETING_VERSION = 1.0;
				PRODUCT_BUNDLE_IDENTIFIER = Uniandes.SeneParkingUITests;
				PRODUCT_NAME = "$(TARGET_NAME)";
				SWIFT_EMIT_LOC_STRINGS = NO;
				SWIFT_VERSION = 5.0;
				TARGETED_DEVICE_FAMILY = "1,2";
				TEST_TARGET_NAME = SeneParking;
			};
			name = Debug;
		};
		224305F92CAB8A3A0062FC51 /* Release */ = {
			isa = XCBuildConfiguration;
			buildSettings = {
				ALWAYS_EMBED_SWIFT_STANDARD_LIBRARIES = YES;
				CODE_SIGN_STYLE = Automatic;
				CURRENT_PROJECT_VERSION = 1;
				GENERATE_INFOPLIST_FILE = YES;
				MARKETING_VERSION = 1.0;
				PRODUCT_BUNDLE_IDENTIFIER = Uniandes.SeneParkingUITests;
				PRODUCT_NAME = "$(TARGET_NAME)";
				SWIFT_EMIT_LOC_STRINGS = NO;
				SWIFT_VERSION = 5.0;
				TARGETED_DEVICE_FAMILY = "1,2";
				TEST_TARGET_NAME = SeneParking;
			};
			name = Release;
		};
/* End XCBuildConfiguration section */

/* Begin XCConfigurationList section */
		224305C82CAB8A370062FC51 /* Build configuration list for PBXProject "SeneParking" */ = {
			isa = XCConfigurationList;
			buildConfigurations = (
				224305EF2CAB8A3A0062FC51 /* Debug */,
				224305F02CAB8A3A0062FC51 /* Release */,
			);
			defaultConfigurationIsVisible = 0;
			defaultConfigurationName = Release;
		};
		224305F12CAB8A3A0062FC51 /* Build configuration list for PBXNativeTarget "SeneParking" */ = {
			isa = XCConfigurationList;
			buildConfigurations = (
				224305F22CAB8A3A0062FC51 /* Debug */,
				224305F32CAB8A3A0062FC51 /* Release */,
			);
			defaultConfigurationIsVisible = 0;
			defaultConfigurationName = Release;
		};
		224305F42CAB8A3A0062FC51 /* Build configuration list for PBXNativeTarget "SeneParkingTests" */ = {
			isa = XCConfigurationList;
			buildConfigurations = (
				224305F52CAB8A3A0062FC51 /* Debug */,
				224305F62CAB8A3A0062FC51 /* Release */,
			);
			defaultConfigurationIsVisible = 0;
			defaultConfigurationName = Release;
		};
		224305F72CAB8A3A0062FC51 /* Build configuration list for PBXNativeTarget "SeneParkingUITests" */ = {
			isa = XCConfigurationList;
			buildConfigurations = (
				224305F82CAB8A3A0062FC51 /* Debug */,
				224305F92CAB8A3A0062FC51 /* Release */,
			);
			defaultConfigurationIsVisible = 0;
			defaultConfigurationName = Release;
		};
/* End XCConfigurationList section */
	};
	rootObject = 224305C52CAB8A370062FC51 /* Project object */;
}
